
Microsoft Visual Studio Solution File, Format Version 12.00
# Visual Studio Version 17
VisualStudioVersion = 17.8.34511.84
MinimumVisualStudioVersion = 10.0.40219.1
Project("{FAE04EC0-301F-11D3-BF4B-00C04F79EFBC}") = "ConsoleApp8", "ConsoleApp8.csproj", "{FC61E241-D7BA-4DCF-BD39-1AC8E9208AA1}"
EndProject
Global
	GlobalSection(SolutionConfigurationPlatforms) = preSolution
		Debug|Any CPU = Debug|Any CPU
		Release|Any CPU = Release|Any CPU
	EndGlobalSection
	GlobalSection(ProjectConfigurationPlatforms) = postSolution
		{FC61E241-D7BA-4DCF-BD39-1AC8E9208AA1}.Debug|Any CPU.ActiveCfg = Debug|Any CPU
		{FC61E241-D7BA-4DCF-BD39-1AC8E9208AA1}.Debug|Any CPU.Build.0 = Debug|Any CPU
		{FC61E241-D7BA-4DCF-BD39-1AC8E9208AA1}.Release|Any CPU.ActiveCfg = Release|Any CPU
		{FC61E241-D7BA-4DCF-BD39-1AC8E9208AA1}.Release|Any CPU.Build.0 = Release|Any CPU
	EndGlobalSection
	GlobalSection(SolutionProperties) = preSolution
		HideSolutionNode = FALSE
	EndGlobalSection
	GlobalSection(ExtensibilityGlobals) = postSolution
		SolutionGuid = {9AF3B25F-71B7-4032-B5DE-BB09E504387A}
	EndGlobalSection
EndGlobal
